
Microsoft Visual Studio Solution File, Format Version 12.00
# Visual Studio 15
VisualStudioVersion = 15.0.27130.2027
MinimumVisualStudioVersion = 10.0.40219.1
Project("{FAE04EC0-301F-11D3-BF4B-00C04F79EFBC}") = "ConsumerManagementService", "ConsumerManagementService\ConsumerManagementService.csproj", "{46367BC5-FA1A-4C08-86B0-561EB2F857AB}"
EndProject
Project("{FAE04EC0-301F-11D3-BF4B-00C04F79EFBC}") = "ConsumerManagementHost", "ConsumerManagementHost\ConsumerManagementHost.csproj", "{DD9CFC6C-0F8E-49F4-86EA-F5AFD01E2A0D}"
EndProject
Global
	GlobalSection(SolutionConfigurationPlatforms) = preSolution
		Debug|Any CPU = Debug|Any CPU
		Release|Any CPU = Release|Any CPU
	EndGlobalSection
	GlobalSection(ProjectConfigurationPlatforms) = postSolution
		{46367BC5-FA1A-4C08-86B0-561EB2F857AB}.Debug|Any CPU.ActiveCfg = Debug|Any CPU
		{46367BC5-FA1A-4C08-86B0-561EB2F857AB}.Debug|Any CPU.Build.0 = Debug|Any CPU
		{46367BC5-FA1A-4C08-86B0-561EB2F857AB}.Release|Any CPU.ActiveCfg = Release|Any CPU
		{46367BC5-FA1A-4C08-86B0-561EB2F857AB}.Release|Any CPU.Build.0 = Release|Any CPU
		{DD9CFC6C-0F8E-49F4-86EA-F5AFD01E2A0D}.Debug|Any CPU.ActiveCfg = Debug|Any CPU
		{DD9CFC6C-0F8E-49F4-86EA-F5AFD01E2A0D}.Debug|Any CPU.Build.0 = Debug|Any CPU
		{DD9CFC6C-0F8E-49F4-86EA-F5AFD01E2A0D}.Release|Any CPU.ActiveCfg = Release|Any CPU
		{DD9CFC6C-0F8E-49F4-86EA-F5AFD01E2A0D}.Release|Any CPU.Build.0 = Release|Any CPU
	EndGlobalSection
	GlobalSection(SolutionProperties) = preSolution
		HideSolutionNode = FALSE
	EndGlobalSection
	GlobalSection(ExtensibilityGlobals) = postSolution
		SolutionGuid = {00EC8305-9AAB-4991-B99F-19FB0AB41B56}
	EndGlobalSection
EndGlobal
